{
  "name": "xxx",
  "version": "1.0.0",
  "lockfileVersion": 3,
  "requires": true,
  "packages": {
    "": {
      "name": "xxx",
      "version": "1.0.0",
      "license": "ISC",
      "dependencies": {
        "@elliots/typical-compiler": "^0.2.4",
        "@esbuild/darwin-arm64": "^0.27.2"
      }
    },
    "node_modules/@elliots/typical-compiler": {
      "version": "0.2.4",
      "resolved": "https://registry.npmjs.org/@elliots/typical-compiler/-/typical-compiler-0.2.4.tgz",
      "integrity": "sha512-d09076QfEX3ACYYq/s5F49+3KSE09NiecCF7BlIcLywBkbayjMwXbZ480E+bU/nHloRZ10yjyPuUZowbWmDh6A==",
      "license": "MIT",
      "optionalDependencies": {
        "@elliots/typical-compiler-darwin-arm64": "0.2.4",
        "@elliots/typical-compiler-darwin-x64": "0.2.4",
        "@elliots/typical-compiler-linux-arm64": "0.2.4",
        "@elliots/typical-compiler-linux-x64": "0.2.4",
        "@elliots/typical-compiler-win32-arm64": "0.2.4",
        "@elliots/typical-compiler-win32-x64": "0.2.4"
      }
    },
    "node_modules/@elliots/typical-compiler-darwin-arm64": {
      "version": "0.2.4",
      "resolved": "https://registry.npmjs.org/@elliots/typical-compiler-darwin-arm64/-/typical-compiler-darwin-arm64-0.2.4.tgz",
      "integrity": "sha512-4jQ4A+ttkDtn1BhVEAK3NHP7ZZzYIQrV9UXtfYCmi2uDLv0M/gjh3m1Vbmh6PJfQBq69ctvBhYIJ7/GFfwBtrQ==",
      "cpu": [
        "arm64"
      ],
      "license": "MIT",
      "optional": true,
      "os": [
        "darwin"
      ]
    },
    "node_modules/@elliots/typical-compiler-darwin-x64": {
      "version": "0.2.4",
      "resolved": "https://registry.npmjs.org/@elliots/typical-compiler-darwin-x64/-/typical-compiler-darwin-x64-0.2.4.tgz",
      "integrity": "sha512-k3N3QJMRd89FbRMe+NpRO4lD6RvruZg9jYSnOpxlk6dL+MvSnHyURibYdiK6+Iwed2XfFCLGfj2jdVsH42q+Og==",
      "cpu": [
        "x64"
      ],
      "license": "MIT",
      "optional": true,
      "os": [
        "darwin"
      ]
    },
    "node_modules/@elliots/typical-compiler-linux-arm64": {
      "version": "0.2.4",
      "resolved": "https://registry.npmjs.org/@elliots/typical-compiler-linux-arm64/-/typical-compiler-linux-arm64-0.2.4.tgz",
      "integrity": "sha512-AxkKMnK1AW7ZgDMfYp2ZhJqmgd/zdmr1bOzTDgjpGYxq4dBMyp1m9w4jEwhOJVEmcnC7NqEjPuyq0SrCDRUCqQ==",
      "cpu": [
        "arm64"
      ],
      "license": "MIT",
      "optional": true,
      "os": [
        "linux"
      ]
    },
    "node_modules/@elliots/typical-compiler-linux-x64": {
      "version": "0.2.4",
      "resolved": "https://registry.npmjs.org/@elliots/typical-compiler-linux-x64/-/typical-compiler-linux-x64-0.2.4.tgz",
      "integrity": "sha512-hQQja1P0SVUyYMs/m7AfEIY/6WvYojplU/BC4+4yR3+/ZcMxaEnj67ZtNeHAMxAjcqn1F9Isc5QP5p/Agl8UvA==",
      "cpu": [
        "x64"
      ],
      "license": "MIT",
      "optional": true,
      "os": [
        "linux"
      ]
    },
    "node_modules/@elliots/typical-compiler-win32-arm64": {
      "version": "0.2.4",
      "resolved": "https://registry.npmjs.org/@elliots/typical-compiler-win32-arm64/-/typical-compiler-win32-arm64-0.2.4.tgz",
      "integrity": "sha512-Wc2XX3879MwcZBhvWaa32VR1b2xeHN1/v8JYvmKicGDj4DFFo7Jc8PfWH3hCy1KNtlSfGtho4oxRK2l7yO6G6g==",
      "cpu": [
        "arm64"
      ],
      "license": "MIT",
      "optional": true,
      "os": [
        "win32"
      ]
    },
    "node_modules/@elliots/typical-compiler-win32-x64": {
      "version": "0.2.4",
      "resolved": "https://registry.npmjs.org/@elliots/typical-compiler-win32-x64/-/typical-compiler-win32-x64-0.2.4.tgz",
      "integrity": "sha512-1b4Rj8PfxX37A6YdWuWvYDxpxulGzotGVqUnJZxVntOxXq1t4OZFtvl/4s5MpaiervC/9AX/dkZCTMGfzcF1hQ==",
      "cpu": [
        "x64"
      ],
      "license": "MIT",
      "optional": true,
      "os": [
        "win32"
      ]
    },
    "node_modules/@esbuild/darwin-arm64": {
      "version": "0.27.2",
      "resolved": "https://registry.npmjs.org/@esbuild/darwin-arm64/-/darwin-arm64-0.27.2.tgz",
      "integrity": "sha512-davCD2Zc80nzDVRwXTcQP/28fiJbcOwvdolL0sOiOsbwBa72kegmVU0Wrh1MYrbuCL98Omp5dVhQFWRKR2ZAlg==",
      "cpu": [
        "arm64"
      ],
      "license": "MIT",
      "os": [
        "darwin"
      ],
      "engines": {
        "node": ">=18"
      }
    }
  }
}
